
Microsoft Visual Studio Solution File, Format Version 12.00
# Visual Studio Version 17
VisualStudioVersion = 17.13.35617.110
MinimumVisualStudioVersion = 10.0.40219.1
Project("{2150E333-8FDC-42A3-9474-1A3956D46DE8}") = "auth-service", "auth-service", "{76F6CA9D-E2E1-46C5-9BFC-37FC4A88E637}"
EndProject
Project("{2150E333-8FDC-42A3-9474-1A3956D46DE8}") = "Application", "Application", "{2565FC79-89EF-471B-B987-AA1529436F84}"
EndProject
Project("{FAE04EC0-301F-11D3-BF4B-00C04F79EFBC}") = "Auth.Application", "Services\auth-service\Application\Auth.Application.csproj", "{01578DB0-0D89-1349-3864-F77D4BAEFA3F}"
EndProject
Project("{2150E333-8FDC-42A3-9474-1A3956D46DE8}") = "Infrastructure", "Infrastructure", "{363F7FE2-21DD-4F9E-80A9-C0C90736927B}"
EndProject
Project("{FAE04EC0-301F-11D3-BF4B-00C04F79EFBC}") = "Auth.Infrastructure", "Services\auth-service\Infrastructure\Auth.Infrastructure.csproj", "{833E4534-4490-0B40-1695-8EE3A0BADAC0}"
EndProject
Project("{2150E333-8FDC-42A3-9474-1A3956D46DE8}") = "Domain", "Domain", "{7CDEC127-FFE3-4770-85A1-133B98B0F585}"
EndProject
Project("{FAE04EC0-301F-11D3-BF4B-00C04F79EFBC}") = "Auth.Domain", "Services\auth-service\Domain\Auth.Domain.csproj", "{9CD7B1C5-7731-4416-179F-D960652B8FDD}"
EndProject
Project("{2150E333-8FDC-42A3-9474-1A3956D46DE8}") = "API", "API", "{8E40F79F-7BAE-4D00-AEB1-9F028469532B}"
EndProject
Project("{FAE04EC0-301F-11D3-BF4B-00C04F79EFBC}") = "Auth.Presentation", "Services\auth-service\AuthAPI\Auth.Presentation.csproj", "{654FD90A-18D8-B316-812E-735484D74919}"
EndProject
Project("{2150E333-8FDC-42A3-9474-1A3956D46DE8}") = "patient-service", "patient-service", "{0A42C9F0-CB7A-498C-9633-7040C5B29EBD}"
EndProject
Project("{2150E333-8FDC-42A3-9474-1A3956D46DE8}") = "API", "API", "{F3A043D7-2407-462C-A59B-870E0E63E529}"
EndProject
Project("{2150E333-8FDC-42A3-9474-1A3956D46DE8}") = "Domain", "Domain", "{FB119E1C-6CE4-48E5-A2B6-10D16E258732}"
EndProject
Project("{2150E333-8FDC-42A3-9474-1A3956D46DE8}") = "Application", "Application", "{58092A31-021A-493A-982F-7A36F6130243}"
EndProject
Project("{2150E333-8FDC-42A3-9474-1A3956D46DE8}") = "Infrastructure", "Infrastructure", "{D79353B4-897B-486B-A69F-A57F54A89FFA}"
EndProject
Project("{FAE04EC0-301F-11D3-BF4B-00C04F79EFBC}") = "Patient.API", "Services\patient-service\Patient.API\Patient.API.csproj", "{600E2DAB-EA29-41F6-9DFB-5AFDECD2BBF6}"
EndProject
Project("{FAE04EC0-301F-11D3-BF4B-00C04F79EFBC}") = "Patient.Application", "Services\patient-service\Application\Patient.Application.csproj", "{1957314C-B55C-D714-749A-2FB7F33E177F}"
EndProject
Project("{FAE04EC0-301F-11D3-BF4B-00C04F79EFBC}") = "Patient.Domain", "Services\patient-service\Domain\Patient.Domain.csproj", "{FB1CCD3F-10CA-503D-85D8-E30616076368}"
EndProject
Project("{FAE04EC0-301F-11D3-BF4B-00C04F79EFBC}") = "Patient.Infrastructure", "Services\patient-service\Infrastructure\Patient.Infrastructure.csproj", "{0B443593-CDBB-C2C9-11C3-3EB7A722166C}"
EndProject
Project("{2150E333-8FDC-42A3-9474-1A3956D46DE8}") = "prediction-service", "prediction-service", "{EBD429F0-E90B-4426-AFB1-341B25E6837E}"
EndProject
Project("{2150E333-8FDC-42A3-9474-1A3956D46DE8}") = "API", "API", "{35F5EC24-F774-44EC-A0E4-063527C8E39C}"
EndProject
Project("{FAE04EC0-301F-11D3-BF4B-00C04F79EFBC}") = "Prediction.API", "Services\prediction-service\Prediction.API\Prediction.API.csproj", "{0A3E3AA8-3B7C-433B-BCF9-94C6D0843DBF}"
EndProject
Project("{2150E333-8FDC-42A3-9474-1A3956D46DE8}") = "Tests", "Tests", "{A7B9EC1F-C2BA-4D75-9000-01CE3E93882F}"
EndProject
Project("{2150E333-8FDC-42A3-9474-1A3956D46DE8}") = "Services", "Services", "{02EA681E-C7D8-13C7-8484-4AC65E1B71E8}"
EndProject
Project("{FAE04EC0-301F-11D3-BF4B-00C04F79EFBC}") = "Auth.UnitTests", "Tests\Auth.UnitTests\Auth.UnitTests.csproj", "{4D7C8A42-E44D-449E-B965-715C9F5D100A}"
EndProject
Project("{FAE04EC0-301F-11D3-BF4B-00C04F79EFBC}") = "Patient.UnitTests", "Tests\Patient.UnitTests\Patient.UnitTests.csproj", "{CC105C51-233D-3E6B-9D07-BE575B1F6458}"
EndProject
Global
	GlobalSection(SolutionConfigurationPlatforms) = preSolution
		Debug|Any CPU = Debug|Any CPU
		Release|Any CPU = Release|Any CPU
	EndGlobalSection
	GlobalSection(ProjectConfigurationPlatforms) = postSolution
		{01578DB0-0D89-1349-3864-F77D4BAEFA3F}.Debug|Any CPU.ActiveCfg = Debug|Any CPU
		{01578DB0-0D89-1349-3864-F77D4BAEFA3F}.Debug|Any CPU.Build.0 = Debug|Any CPU
		{01578DB0-0D89-1349-3864-F77D4BAEFA3F}.Release|Any CPU.ActiveCfg = Release|Any CPU
		{01578DB0-0D89-1349-3864-F77D4BAEFA3F}.Release|Any CPU.Build.0 = Release|Any CPU
		{833E4534-4490-0B40-1695-8EE3A0BADAC0}.Debug|Any CPU.ActiveCfg = Debug|Any CPU
		{833E4534-4490-0B40-1695-8EE3A0BADAC0}.Debug|Any CPU.Build.0 = Debug|Any CPU
		{833E4534-4490-0B40-1695-8EE3A0BADAC0}.Release|Any CPU.ActiveCfg = Release|Any CPU
		{833E4534-4490-0B40-1695-8EE3A0BADAC0}.Release|Any CPU.Build.0 = Release|Any CPU
		{9CD7B1C5-7731-4416-179F-D960652B8FDD}.Debug|Any CPU.ActiveCfg = Debug|Any CPU
		{9CD7B1C5-7731-4416-179F-D960652B8FDD}.Debug|Any CPU.Build.0 = Debug|Any CPU
		{9CD7B1C5-7731-4416-179F-D960652B8FDD}.Release|Any CPU.ActiveCfg = Release|Any CPU
		{9CD7B1C5-7731-4416-179F-D960652B8FDD}.Release|Any CPU.Build.0 = Release|Any CPU
		{654FD90A-18D8-B316-812E-735484D74919}.Debug|Any CPU.ActiveCfg = Debug|Any CPU
		{654FD90A-18D8-B316-812E-735484D74919}.Debug|Any CPU.Build.0 = Debug|Any CPU
		{654FD90A-18D8-B316-812E-735484D74919}.Release|Any CPU.ActiveCfg = Release|Any CPU
		{654FD90A-18D8-B316-812E-735484D74919}.Release|Any CPU.Build.0 = Release|Any CPU
		{600E2DAB-EA29-41F6-9DFB-5AFDECD2BBF6}.Debug|Any CPU.ActiveCfg = Debug|Any CPU
		{600E2DAB-EA29-41F6-9DFB-5AFDECD2BBF6}.Debug|Any CPU.Build.0 = Debug|Any CPU
		{600E2DAB-EA29-41F6-9DFB-5AFDECD2BBF6}.Release|Any CPU.ActiveCfg = Release|Any CPU
		{600E2DAB-EA29-41F6-9DFB-5AFDECD2BBF6}.Release|Any CPU.Build.0 = Release|Any CPU
		{1957314C-B55C-D714-749A-2FB7F33E177F}.Debug|Any CPU.ActiveCfg = Debug|Any CPU
		{1957314C-B55C-D714-749A-2FB7F33E177F}.Debug|Any CPU.Build.0 = Debug|Any CPU
		{1957314C-B55C-D714-749A-2FB7F33E177F}.Release|Any CPU.ActiveCfg = Release|Any CPU
		{1957314C-B55C-D714-749A-2FB7F33E177F}.Release|Any CPU.Build.0 = Release|Any CPU
		{FB1CCD3F-10CA-503D-85D8-E30616076368}.Debug|Any CPU.ActiveCfg = Debug|Any CPU
		{FB1CCD3F-10CA-503D-85D8-E30616076368}.Debug|Any CPU.Build.0 = Debug|Any CPU
		{FB1CCD3F-10CA-503D-85D8-E30616076368}.Release|Any CPU.ActiveCfg = Release|Any CPU
		{FB1CCD3F-10CA-503D-85D8-E30616076368}.Release|Any CPU.Build.0 = Release|Any CPU
		{0B443593-CDBB-C2C9-11C3-3EB7A722166C}.Debug|Any CPU.ActiveCfg = Debug|Any CPU
		{0B443593-CDBB-C2C9-11C3-3EB7A722166C}.Debug|Any CPU.Build.0 = Debug|Any CPU
		{0B443593-CDBB-C2C9-11C3-3EB7A722166C}.Release|Any CPU.ActiveCfg = Release|Any CPU
		{0B443593-CDBB-C2C9-11C3-3EB7A722166C}.Release|Any CPU.Build.0 = Release|Any CPU
		{0A3E3AA8-3B7C-433B-BCF9-94C6D0843DBF}.Debug|Any CPU.ActiveCfg = Debug|Any CPU
		{0A3E3AA8-3B7C-433B-BCF9-94C6D0843DBF}.Debug|Any CPU.Build.0 = Debug|Any CPU
		{0A3E3AA8-3B7C-433B-BCF9-94C6D0843DBF}.Release|Any CPU.ActiveCfg = Release|Any CPU
		{0A3E3AA8-3B7C-433B-BCF9-94C6D0843DBF}.Release|Any CPU.Build.0 = Release|Any CPU
		{4D7C8A42-E44D-449E-B965-715C9F5D100A}.Debug|Any CPU.ActiveCfg = Debug|Any CPU
		{4D7C8A42-E44D-449E-B965-715C9F5D100A}.Debug|Any CPU.Build.0 = Debug|Any CPU
		{4D7C8A42-E44D-449E-B965-715C9F5D100A}.Release|Any CPU.ActiveCfg = Release|Any CPU
		{4D7C8A42-E44D-449E-B965-715C9F5D100A}.Release|Any CPU.Build.0 = Release|Any CPU
		{CC105C51-233D-3E6B-9D07-BE575B1F6458}.Debug|Any CPU.ActiveCfg = Debug|Any CPU
		{CC105C51-233D-3E6B-9D07-BE575B1F6458}.Debug|Any CPU.Build.0 = Debug|Any CPU
		{CC105C51-233D-3E6B-9D07-BE575B1F6458}.Release|Any CPU.ActiveCfg = Release|Any CPU
		{CC105C51-233D-3E6B-9D07-BE575B1F6458}.Release|Any CPU.Build.0 = Release|Any CPU
	EndGlobalSection
	GlobalSection(SolutionProperties) = preSolution
		HideSolutionNode = FALSE
	EndGlobalSection
	GlobalSection(NestedProjects) = preSolution
		{76F6CA9D-E2E1-46C5-9BFC-37FC4A88E637} = {02EA681E-C7D8-13C7-8484-4AC65E1B71E8}
		{2565FC79-89EF-471B-B987-AA1529436F84} = {76F6CA9D-E2E1-46C5-9BFC-37FC4A88E637}
		{01578DB0-0D89-1349-3864-F77D4BAEFA3F} = {2565FC79-89EF-471B-B987-AA1529436F84}
		{363F7FE2-21DD-4F9E-80A9-C0C90736927B} = {76F6CA9D-E2E1-46C5-9BFC-37FC4A88E637}
		{833E4534-4490-0B40-1695-8EE3A0BADAC0} = {363F7FE2-21DD-4F9E-80A9-C0C90736927B}
		{7CDEC127-FFE3-4770-85A1-133B98B0F585} = {76F6CA9D-E2E1-46C5-9BFC-37FC4A88E637}
		{9CD7B1C5-7731-4416-179F-D960652B8FDD} = {7CDEC127-FFE3-4770-85A1-133B98B0F585}
		{8E40F79F-7BAE-4D00-AEB1-9F028469532B} = {76F6CA9D-E2E1-46C5-9BFC-37FC4A88E637}
		{654FD90A-18D8-B316-812E-735484D74919} = {8E40F79F-7BAE-4D00-AEB1-9F028469532B}
		{0A42C9F0-CB7A-498C-9633-7040C5B29EBD} = {02EA681E-C7D8-13C7-8484-4AC65E1B71E8}
		{F3A043D7-2407-462C-A59B-870E0E63E529} = {0A42C9F0-CB7A-498C-9633-7040C5B29EBD}
		{FB119E1C-6CE4-48E5-A2B6-10D16E258732} = {0A42C9F0-CB7A-498C-9633-7040C5B29EBD}
		{58092A31-021A-493A-982F-7A36F6130243} = {0A42C9F0-CB7A-498C-9633-7040C5B29EBD}
		{D79353B4-897B-486B-A69F-A57F54A89FFA} = {0A42C9F0-CB7A-498C-9633-7040C5B29EBD}
		{600E2DAB-EA29-41F6-9DFB-5AFDECD2BBF6} = {F3A043D7-2407-462C-A59B-870E0E63E529}
		{1957314C-B55C-D714-749A-2FB7F33E177F} = {58092A31-021A-493A-982F-7A36F6130243}
		{FB1CCD3F-10CA-503D-85D8-E30616076368} = {FB119E1C-6CE4-48E5-A2B6-10D16E258732}
		{0B443593-CDBB-C2C9-11C3-3EB7A722166C} = {D79353B4-897B-486B-A69F-A57F54A89FFA}
		{EBD429F0-E90B-4426-AFB1-341B25E6837E} = {02EA681E-C7D8-13C7-8484-4AC65E1B71E8}
		{35F5EC24-F774-44EC-A0E4-063527C8E39C} = {EBD429F0-E90B-4426-AFB1-341B25E6837E}
		{0A3E3AA8-3B7C-433B-BCF9-94C6D0843DBF} = {35F5EC24-F774-44EC-A0E4-063527C8E39C}
		{4D7C8A42-E44D-449E-B965-715C9F5D100A} = {A7B9EC1F-C2BA-4D75-9000-01CE3E93882F}
		{CC105C51-233D-3E6B-9D07-BE575B1F6458} = {A7B9EC1F-C2BA-4D75-9000-01CE3E93882F}
	EndGlobalSection
	GlobalSection(ExtensibilityGlobals) = postSolution
		SolutionGuid = {98964D34-ADBB-4C53-B4DA-420246C9F209}
	EndGlobalSection
EndGlobal
